
Microsoft Visual Studio Solution File, Format Version 12.00
# Visual Studio 15
VisualStudioVersion = 15.0.28307.329
MinimumVisualStudioVersion = 10.0.40219.1
Project("{9A19103F-16F7-4668-BE54-9A1E7A4F7556}") = "Parcel3", "Parcel3\Parcel3.csproj", "{8C144C2E-B641-4E34-B5A1-4A66A352CD62}"
EndProject
Project("{FAE04EC0-301F-11D3-BF4B-00C04F79EFBC}") = "Parcel.Tests.cs", "Parcel.Tests.cs\Parcel.Tests.cs.csproj", "{83A5782F-76C4-4F73-9F61-DFDED4AA6D1F}"
EndProject
Global
	GlobalSection(SolutionConfigurationPlatforms) = preSolution
		Debug|Any CPU = Debug|Any CPU
		Release|Any CPU = Release|Any CPU
	EndGlobalSection
	GlobalSection(ProjectConfigurationPlatforms) = postSolution
		{8C144C2E-B641-4E34-B5A1-4A66A352CD62}.Debug|Any CPU.ActiveCfg = Debug|Any CPU
		{8C144C2E-B641-4E34-B5A1-4A66A352CD62}.Debug|Any CPU.Build.0 = Debug|Any CPU
		{8C144C2E-B641-4E34-B5A1-4A66A352CD62}.Release|Any CPU.ActiveCfg = Release|Any CPU
		{8C144C2E-B641-4E34-B5A1-4A66A352CD62}.Release|Any CPU.Build.0 = Release|Any CPU
		{83A5782F-76C4-4F73-9F61-DFDED4AA6D1F}.Debug|Any CPU.ActiveCfg = Debug|Any CPU
		{83A5782F-76C4-4F73-9F61-DFDED4AA6D1F}.Debug|Any CPU.Build.0 = Debug|Any CPU
		{83A5782F-76C4-4F73-9F61-DFDED4AA6D1F}.Release|Any CPU.ActiveCfg = Release|Any CPU
		{83A5782F-76C4-4F73-9F61-DFDED4AA6D1F}.Release|Any CPU.Build.0 = Release|Any CPU
	EndGlobalSection
	GlobalSection(SolutionProperties) = preSolution
		HideSolutionNode = FALSE
	EndGlobalSection
	GlobalSection(ExtensibilityGlobals) = postSolution
		SolutionGuid = {2B026559-839D-4463-B697-2570F095D207}
	EndGlobalSection
EndGlobal
